
Microsoft Visual Studio Solution File, Format Version 12.00
# Visual Studio Version 16
VisualStudioVersion = 16.0.28721.148
MinimumVisualStudioVersion = 10.0.40219.1
Project("{9A19103F-16F7-4668-BE54-9A1E7A4F7556}") = "WiredPlayers", "WiredPlayers.csproj", "{962D9025-3CB3-47F5-84C4-ACDCB0205346}"
EndProject
Global
	GlobalSection(SolutionConfigurationPlatforms) = preSolution
		Debug|Any CPU = Debug|Any CPU
		Release|Any CPU = Release|Any CPU
	EndGlobalSection
	GlobalSection(ProjectConfigurationPlatforms) = postSolution
		{962D9025-3CB3-47F5-84C4-ACDCB0205346}.Debug|Any CPU.ActiveCfg = Debug|Any CPU
		{962D9025-3CB3-47F5-84C4-ACDCB0205346}.Debug|Any CPU.Build.0 = Debug|Any CPU
		{962D9025-3CB3-47F5-84C4-ACDCB0205346}.Release|Any CPU.ActiveCfg = Release|Any CPU
		{962D9025-3CB3-47F5-84C4-ACDCB0205346}.Release|Any CPU.Build.0 = Release|Any CPU
	EndGlobalSection
	GlobalSection(SolutionProperties) = preSolution
		HideSolutionNode = FALSE
	EndGlobalSection
	GlobalSection(ExtensibilityGlobals) = postSolution
		SolutionGuid = {A360D34D-6B9B-48FC-88A7-5DC60E873389}
	EndGlobalSection
EndGlobal
